
Microsoft Visual Studio Solution File, Format Version 12.00
# Visual Studio Version 17
VisualStudioVersion = 17.0.31903.59
MinimumVisualStudioVersion = 10.0.40219.1
Project("{2150E333-8FDC-42A3-9474-1A3956D46DE8}") = "Source", "Source", "{B8EFCA5F-814F-285C-A8CB-F00F14650265}"
EndProject
Project("{FAE04EC0-301F-11D3-BF4B-00C04F79EFBC}") = "Simulturn.Core", "Source\Simulturn.Core\Simulturn.Core.csproj", "{A2C674AF-9BB9-4C59-9403-A1EE876D0ACD}"
EndProject
Project("{2150E333-8FDC-42A3-9474-1A3956D46DE8}") = "Test", "Test", "{0C88DD14-F956-CE84-757C-A364CCF449FC}"
EndProject
Project("{FAE04EC0-301F-11D3-BF4B-00C04F79EFBC}") = "Simulturn.Core.Test", "Test\Simulturn.Core.Test\Simulturn.Core.Test.csproj", "{A3FD34EB-4D8D-4353-8179-51634035A77E}"
EndProject
Project("{FAE04EC0-301F-11D3-BF4B-00C04F79EFBC}") = "Simulturn.Core.Console", "Test\Simulturn.Core.Console\Simulturn.Core.Console.csproj", "{B4BB91AD-F3B4-4CA0-9DD2-91CDAD2E6173}"
EndProject
Project("{FAE04EC0-301F-11D3-BF4B-00C04F79EFBC}") = "Simulturn.AI", "Source\Simulturn.AI\Simulturn.AI.csproj", "{77BB16D7-A3F4-4B99-95B5-2A1B651D7623}"
EndProject
Project("{FAE04EC0-301F-11D3-BF4B-00C04F79EFBC}") = "Simulturn.AI.Test", "Test\Simulturn.AI.Test\Simulturn.AI.Test.csproj", "{0F0FD14D-AF05-49C1-B7CB-61B5D5145E01}"
EndProject
Project("{FAE04EC0-301F-11D3-BF4B-00C04F79EFBC}") = "Simulturn.Runner", "Source\Simulturn.Runner\Simulturn.Runner.csproj", "{4758400B-0FF4-4682-8922-64C784FEA797}"
EndProject
Global
	GlobalSection(SolutionConfigurationPlatforms) = preSolution
		Debug|Any CPU = Debug|Any CPU
		Debug|x64 = Debug|x64
		Debug|x86 = Debug|x86
		Release|Any CPU = Release|Any CPU
		Release|x64 = Release|x64
		Release|x86 = Release|x86
	EndGlobalSection
	GlobalSection(ProjectConfigurationPlatforms) = postSolution
		{A2C674AF-9BB9-4C59-9403-A1EE876D0ACD}.Debug|Any CPU.ActiveCfg = Debug|Any CPU
		{A2C674AF-9BB9-4C59-9403-A1EE876D0ACD}.Debug|Any CPU.Build.0 = Debug|Any CPU
		{A2C674AF-9BB9-4C59-9403-A1EE876D0ACD}.Debug|x64.ActiveCfg = Debug|Any CPU
		{A2C674AF-9BB9-4C59-9403-A1EE876D0ACD}.Debug|x64.Build.0 = Debug|Any CPU
		{A2C674AF-9BB9-4C59-9403-A1EE876D0ACD}.Debug|x86.ActiveCfg = Debug|Any CPU
		{A2C674AF-9BB9-4C59-9403-A1EE876D0ACD}.Debug|x86.Build.0 = Debug|Any CPU
		{A2C674AF-9BB9-4C59-9403-A1EE876D0ACD}.Release|Any CPU.ActiveCfg = Release|Any CPU
		{A2C674AF-9BB9-4C59-9403-A1EE876D0ACD}.Release|Any CPU.Build.0 = Release|Any CPU
		{A2C674AF-9BB9-4C59-9403-A1EE876D0ACD}.Release|x64.ActiveCfg = Release|Any CPU
		{A2C674AF-9BB9-4C59-9403-A1EE876D0ACD}.Release|x64.Build.0 = Release|Any CPU
		{A2C674AF-9BB9-4C59-9403-A1EE876D0ACD}.Release|x86.ActiveCfg = Release|Any CPU
		{A2C674AF-9BB9-4C59-9403-A1EE876D0ACD}.Release|x86.Build.0 = Release|Any CPU
		{A3FD34EB-4D8D-4353-8179-51634035A77E}.Debug|Any CPU.ActiveCfg = Debug|Any CPU
		{A3FD34EB-4D8D-4353-8179-51634035A77E}.Debug|Any CPU.Build.0 = Debug|Any CPU
		{A3FD34EB-4D8D-4353-8179-51634035A77E}.Debug|x64.ActiveCfg = Debug|Any CPU
		{A3FD34EB-4D8D-4353-8179-51634035A77E}.Debug|x64.Build.0 = Debug|Any CPU
		{A3FD34EB-4D8D-4353-8179-51634035A77E}.Debug|x86.ActiveCfg = Debug|Any CPU
		{A3FD34EB-4D8D-4353-8179-51634035A77E}.Debug|x86.Build.0 = Debug|Any CPU
		{A3FD34EB-4D8D-4353-8179-51634035A77E}.Release|Any CPU.ActiveCfg = Release|Any CPU
		{A3FD34EB-4D8D-4353-8179-51634035A77E}.Release|Any CPU.Build.0 = Release|Any CPU
		{A3FD34EB-4D8D-4353-8179-51634035A77E}.Release|x64.ActiveCfg = Release|Any CPU
		{A3FD34EB-4D8D-4353-8179-51634035A77E}.Release|x64.Build.0 = Release|Any CPU
		{A3FD34EB-4D8D-4353-8179-51634035A77E}.Release|x86.ActiveCfg = Release|Any CPU
		{A3FD34EB-4D8D-4353-8179-51634035A77E}.Release|x86.Build.0 = Release|Any CPU
		{B4BB91AD-F3B4-4CA0-9DD2-91CDAD2E6173}.Debug|Any CPU.ActiveCfg = Debug|Any CPU
		{B4BB91AD-F3B4-4CA0-9DD2-91CDAD2E6173}.Debug|Any CPU.Build.0 = Debug|Any CPU
		{B4BB91AD-F3B4-4CA0-9DD2-91CDAD2E6173}.Debug|x64.ActiveCfg = Debug|Any CPU
		{B4BB91AD-F3B4-4CA0-9DD2-91CDAD2E6173}.Debug|x64.Build.0 = Debug|Any CPU
		{B4BB91AD-F3B4-4CA0-9DD2-91CDAD2E6173}.Debug|x86.ActiveCfg = Debug|Any CPU
		{B4BB91AD-F3B4-4CA0-9DD2-91CDAD2E6173}.Debug|x86.Build.0 = Debug|Any CPU
		{B4BB91AD-F3B4-4CA0-9DD2-91CDAD2E6173}.Release|Any CPU.ActiveCfg = Release|Any CPU
		{B4BB91AD-F3B4-4CA0-9DD2-91CDAD2E6173}.Release|Any CPU.Build.0 = Release|Any CPU
		{B4BB91AD-F3B4-4CA0-9DD2-91CDAD2E6173}.Release|x64.ActiveCfg = Release|Any CPU
		{B4BB91AD-F3B4-4CA0-9DD2-91CDAD2E6173}.Release|x64.Build.0 = Release|Any CPU
		{B4BB91AD-F3B4-4CA0-9DD2-91CDAD2E6173}.Release|x86.ActiveCfg = Release|Any CPU
		{B4BB91AD-F3B4-4CA0-9DD2-91CDAD2E6173}.Release|x86.Build.0 = Release|Any CPU
		{77BB16D7-A3F4-4B99-95B5-2A1B651D7623}.Debug|Any CPU.ActiveCfg = Debug|Any CPU
		{77BB16D7-A3F4-4B99-95B5-2A1B651D7623}.Debug|Any CPU.Build.0 = Debug|Any CPU
		{77BB16D7-A3F4-4B99-95B5-2A1B651D7623}.Debug|x64.ActiveCfg = Debug|Any CPU
		{77BB16D7-A3F4-4B99-95B5-2A1B651D7623}.Debug|x64.Build.0 = Debug|Any CPU
		{77BB16D7-A3F4-4B99-95B5-2A1B651D7623}.Debug|x86.ActiveCfg = Debug|Any CPU
		{77BB16D7-A3F4-4B99-95B5-2A1B651D7623}.Debug|x86.Build.0 = Debug|Any CPU
		{77BB16D7-A3F4-4B99-95B5-2A1B651D7623}.Release|Any CPU.ActiveCfg = Release|Any CPU
		{77BB16D7-A3F4-4B99-95B5-2A1B651D7623}.Release|Any CPU.Build.0 = Release|Any CPU
		{77BB16D7-A3F4-4B99-95B5-2A1B651D7623}.Release|x64.ActiveCfg = Release|Any CPU
		{77BB16D7-A3F4-4B99-95B5-2A1B651D7623}.Release|x64.Build.0 = Release|Any CPU
		{77BB16D7-A3F4-4B99-95B5-2A1B651D7623}.Release|x86.ActiveCfg = Release|Any CPU
		{77BB16D7-A3F4-4B99-95B5-2A1B651D7623}.Release|x86.Build.0 = Release|Any CPU
		{0F0FD14D-AF05-49C1-B7CB-61B5D5145E01}.Debug|Any CPU.ActiveCfg = Debug|Any CPU
		{0F0FD14D-AF05-49C1-B7CB-61B5D5145E01}.Debug|Any CPU.Build.0 = Debug|Any CPU
		{0F0FD14D-AF05-49C1-B7CB-61B5D5145E01}.Debug|x64.ActiveCfg = Debug|Any CPU
		{0F0FD14D-AF05-49C1-B7CB-61B5D5145E01}.Debug|x64.Build.0 = Debug|Any CPU
		{0F0FD14D-AF05-49C1-B7CB-61B5D5145E01}.Debug|x86.ActiveCfg = Debug|Any CPU
		{0F0FD14D-AF05-49C1-B7CB-61B5D5145E01}.Debug|x86.Build.0 = Debug|Any CPU
		{0F0FD14D-AF05-49C1-B7CB-61B5D5145E01}.Release|Any CPU.ActiveCfg = Release|Any CPU
		{0F0FD14D-AF05-49C1-B7CB-61B5D5145E01}.Release|Any CPU.Build.0 = Release|Any CPU
		{0F0FD14D-AF05-49C1-B7CB-61B5D5145E01}.Release|x64.ActiveCfg = Release|Any CPU
		{0F0FD14D-AF05-49C1-B7CB-61B5D5145E01}.Release|x64.Build.0 = Release|Any CPU
		{0F0FD14D-AF05-49C1-B7CB-61B5D5145E01}.Release|x86.ActiveCfg = Release|Any CPU
		{0F0FD14D-AF05-49C1-B7CB-61B5D5145E01}.Release|x86.Build.0 = Release|Any CPU
		{4758400B-0FF4-4682-8922-64C784FEA797}.Debug|Any CPU.ActiveCfg = Debug|Any CPU
		{4758400B-0FF4-4682-8922-64C784FEA797}.Debug|Any CPU.Build.0 = Debug|Any CPU
		{4758400B-0FF4-4682-8922-64C784FEA797}.Debug|x64.ActiveCfg = Debug|Any CPU
		{4758400B-0FF4-4682-8922-64C784FEA797}.Debug|x64.Build.0 = Debug|Any CPU
		{4758400B-0FF4-4682-8922-64C784FEA797}.Debug|x86.ActiveCfg = Debug|Any CPU
		{4758400B-0FF4-4682-8922-64C784FEA797}.Debug|x86.Build.0 = Debug|Any CPU
		{4758400B-0FF4-4682-8922-64C784FEA797}.Release|Any CPU.ActiveCfg = Release|Any CPU
		{4758400B-0FF4-4682-8922-64C784FEA797}.Release|Any CPU.Build.0 = Release|Any CPU
		{4758400B-0FF4-4682-8922-64C784FEA797}.Release|x64.ActiveCfg = Release|Any CPU
		{4758400B-0FF4-4682-8922-64C784FEA797}.Release|x64.Build.0 = Release|Any CPU
		{4758400B-0FF4-4682-8922-64C784FEA797}.Release|x86.ActiveCfg = Release|Any CPU
		{4758400B-0FF4-4682-8922-64C784FEA797}.Release|x86.Build.0 = Release|Any CPU
	EndGlobalSection
	GlobalSection(SolutionProperties) = preSolution
		HideSolutionNode = FALSE
	EndGlobalSection
	GlobalSection(NestedProjects) = preSolution
		{A2C674AF-9BB9-4C59-9403-A1EE876D0ACD} = {B8EFCA5F-814F-285C-A8CB-F00F14650265}
		{A3FD34EB-4D8D-4353-8179-51634035A77E} = {0C88DD14-F956-CE84-757C-A364CCF449FC}
		{B4BB91AD-F3B4-4CA0-9DD2-91CDAD2E6173} = {0C88DD14-F956-CE84-757C-A364CCF449FC}
		{77BB16D7-A3F4-4B99-95B5-2A1B651D7623} = {B8EFCA5F-814F-285C-A8CB-F00F14650265}
		{0F0FD14D-AF05-49C1-B7CB-61B5D5145E01} = {0C88DD14-F956-CE84-757C-A364CCF449FC}
		{4758400B-0FF4-4682-8922-64C784FEA797} = {B8EFCA5F-814F-285C-A8CB-F00F14650265}
	EndGlobalSection
	GlobalSection(ExtensibilityGlobals) = postSolution
		SolutionGuid = {E2196495-4E82-4116-BB05-12AB1200E0AE}
	EndGlobalSection
EndGlobal
