
Microsoft Visual Studio Solution File, Format Version 12.00
# Visual Studio Version 17
VisualStudioVersion = 17.4.33205.214
MinimumVisualStudioVersion = 10.0.40219.1
Project("{2150E333-8FDC-42A3-9474-1A3956D46DE8}") = "Source", "Source", "{0945FC82-2A75-475A-ACBF-EC2C0D286DB7}"
EndProject
Project("{2150E333-8FDC-42A3-9474-1A3956D46DE8}") = "Test", "Test", "{E7B11D7B-7DC0-4D4B-BDAC-CA1509502E4B}"
EndProject
Project("{9A19103F-16F7-4668-BE54-9A1E7A4F7556}") = "SimulturnCore", "Source\SimulturnCore\SimulturnCore.csproj", "{2EF42C56-C675-4281-A67B-5C7FE5745707}"
EndProject
Project("{2150E333-8FDC-42A3-9474-1A3956D46DE8}") = "SimulturnCore", "SimulturnCore", "{699AD368-75FF-4E15-836B-AB060BCEB006}"
EndProject
Project("{9A19103F-16F7-4668-BE54-9A1E7A4F7556}") = "SimulturnCore.PerformanceTest", "Test\SimulturnCore.Tests\SimulturnCore.PerformanceTest\SimulturnCore.PerformanceTest.csproj", "{B186464D-2863-42C4-AE4B-90BF2915C307}"
EndProject
Project("{FAE04EC0-301F-11D3-BF4B-00C04F79EFBC}") = "SimulturnCore.UnitTest", "Test\SimulturnCore.UnitTest\SimulturnCore.UnitTest.csproj", "{AD794DA8-7BC1-4A5B-AAF1-F67FC693A57D}"
EndProject
Global
	GlobalSection(SolutionConfigurationPlatforms) = preSolution
		Debug|Any CPU = Debug|Any CPU
		Release|Any CPU = Release|Any CPU
	EndGlobalSection
	GlobalSection(ProjectConfigurationPlatforms) = postSolution
		{2EF42C56-C675-4281-A67B-5C7FE5745707}.Debug|Any CPU.ActiveCfg = Debug|Any CPU
		{2EF42C56-C675-4281-A67B-5C7FE5745707}.Debug|Any CPU.Build.0 = Debug|Any CPU
		{2EF42C56-C675-4281-A67B-5C7FE5745707}.Release|Any CPU.ActiveCfg = Release|Any CPU
		{2EF42C56-C675-4281-A67B-5C7FE5745707}.Release|Any CPU.Build.0 = Release|Any CPU
		{B186464D-2863-42C4-AE4B-90BF2915C307}.Debug|Any CPU.ActiveCfg = Debug|Any CPU
		{B186464D-2863-42C4-AE4B-90BF2915C307}.Debug|Any CPU.Build.0 = Debug|Any CPU
		{B186464D-2863-42C4-AE4B-90BF2915C307}.Release|Any CPU.ActiveCfg = Release|Any CPU
		{B186464D-2863-42C4-AE4B-90BF2915C307}.Release|Any CPU.Build.0 = Release|Any CPU
		{AD794DA8-7BC1-4A5B-AAF1-F67FC693A57D}.Debug|Any CPU.ActiveCfg = Debug|Any CPU
		{AD794DA8-7BC1-4A5B-AAF1-F67FC693A57D}.Debug|Any CPU.Build.0 = Debug|Any CPU
		{AD794DA8-7BC1-4A5B-AAF1-F67FC693A57D}.Release|Any CPU.ActiveCfg = Release|Any CPU
		{AD794DA8-7BC1-4A5B-AAF1-F67FC693A57D}.Release|Any CPU.Build.0 = Release|Any CPU
	EndGlobalSection
	GlobalSection(SolutionProperties) = preSolution
		HideSolutionNode = FALSE
	EndGlobalSection
	GlobalSection(NestedProjects) = preSolution
		{2EF42C56-C675-4281-A67B-5C7FE5745707} = {0945FC82-2A75-475A-ACBF-EC2C0D286DB7}
		{699AD368-75FF-4E15-836B-AB060BCEB006} = {E7B11D7B-7DC0-4D4B-BDAC-CA1509502E4B}
		{B186464D-2863-42C4-AE4B-90BF2915C307} = {699AD368-75FF-4E15-836B-AB060BCEB006}
		{AD794DA8-7BC1-4A5B-AAF1-F67FC693A57D} = {699AD368-75FF-4E15-836B-AB060BCEB006}
	EndGlobalSection
	GlobalSection(ExtensibilityGlobals) = postSolution
		SolutionGuid = {38413902-B850-4973-AFC4-2F9A8D2015A4}
	EndGlobalSection
EndGlobal
